// !$*UTF8*$!
{
	archiveVersion = 1;
	classes = {
	};
	objectVersion = 56;
	objects = {

/* Begin PBXBuildFile section */
		FB12275D2A7C115600579AFE /* ReviewResponse.swift in Sources */ = {isa = PBXBuildFile; fileRef = FB12275C2A7C115600579AFE /* ReviewResponse.swift */; };
		FB12275F2A7C11BA00579AFE /* MovieDetailRepository.swift in Sources */ = {isa = PBXBuildFile; fileRef = FB12275E2A7C11BA00579AFE /* MovieDetailRepository.swift */; };
		FB7E5A392A7D0B1F002C9661 /* ReviewTableViewCell.swift in Sources */ = {isa = PBXBuildFile; fileRef = FB7E5A382A7D0B1F002C9661 /* ReviewTableViewCell.swift */; };
		FB7E5A3B2A7D11B4002C9661 /* MovieHeaderTableViewCell.swift in Sources */ = {isa = PBXBuildFile; fileRef = FB7E5A3A2A7D11B4002C9661 /* MovieHeaderTableViewCell.swift */; };
		FB7E5A3E2A7D2CBB002C9661 /* DiffableDataSources in Frameworks */ = {isa = PBXBuildFile; productRef = FB7E5A3D2A7D2CBB002C9661 /* DiffableDataSources */; };
		FB7E5A402A7D2DDF002C9661 /* SectionTableVIewCell.swift in Sources */ = {isa = PBXBuildFile; fileRef = FB7E5A3F2A7D2DDF002C9661 /* SectionTableVIewCell.swift */; };
		FB7E5A422A7D2E9F002C9661 /* Cell+Identifier.swift in Sources */ = {isa = PBXBuildFile; fileRef = FB7E5A412A7D2E9F002C9661 /* Cell+Identifier.swift */; };
		FB7E5A442A7D3409002C9661 /* UITableView+Loading.swift in Sources */ = {isa = PBXBuildFile; fileRef = FB7E5A432A7D3409002C9661 /* UITableView+Loading.swift */; };
		FB7E5A462A7D38B7002C9661 /* EmptyReviewTableViewCell.swift in Sources */ = {isa = PBXBuildFile; fileRef = FB7E5A452A7D38B7002C9661 /* EmptyReviewTableViewCell.swift */; };
		FB7E5A492A7D3A9E002C9661 /* HomeRouter.swift in Sources */ = {isa = PBXBuildFile; fileRef = FB7E5A482A7D3A9D002C9661 /* HomeRouter.swift */; };
		FB7E5A4C2A7D3F08002C9661 /* netfox in Frameworks */ = {isa = PBXBuildFile; productRef = FB7E5A4B2A7D3F08002C9661 /* netfox */; };
		FB8F7A2C2A7CF16800C45CB0 /* MovieDetailViewController.swift in Sources */ = {isa = PBXBuildFile; fileRef = FB8F7A2B2A7CF16800C45CB0 /* MovieDetailViewController.swift */; };
		FB8F7A2E2A7CF1FE00C45CB0 /* MovieDetailPresenter.swift in Sources */ = {isa = PBXBuildFile; fileRef = FB8F7A2D2A7CF1FE00C45CB0 /* MovieDetailPresenter.swift */; };
		FB8F7A302A7CF2AD00C45CB0 /* MovieDetailInteractor.swift in Sources */ = {isa = PBXBuildFile; fileRef = FB8F7A2F2A7CF2AD00C45CB0 /* MovieDetailInteractor.swift */; };
		FB9C4D5B2A7BD29300A46163 /* AppDelegate.swift in Sources */ = {isa = PBXBuildFile; fileRef = FB9C4D5A2A7BD29300A46163 /* AppDelegate.swift */; };
		FB9C4D642A7BD29400A46163 /* Assets.xcassets in Resources */ = {isa = PBXBuildFile; fileRef = FB9C4D632A7BD29400A46163 /* Assets.xcassets */; };
		FB9C4D672A7BD29400A46163 /* LaunchScreen.storyboard in Resources */ = {isa = PBXBuildFile; fileRef = FB9C4D652A7BD29400A46163 /* LaunchScreen.storyboard */; };
		FB9C4D712A7BD46100A46163 /* Alamofire in Frameworks */ = {isa = PBXBuildFile; productRef = FB9C4D702A7BD46100A46163 /* Alamofire */; };
		FB9C4D742A7BD47B00A46163 /* Then in Frameworks */ = {isa = PBXBuildFile; productRef = FB9C4D732A7BD47B00A46163 /* Then */; };
		FB9C4D772A7BD48800A46163 /* SnapKit in Frameworks */ = {isa = PBXBuildFile; productRef = FB9C4D762A7BD48800A46163 /* SnapKit */; };
		FB9C4D7A2A7BD4AB00A46163 /* RxCocoa in Frameworks */ = {isa = PBXBuildFile; productRef = FB9C4D792A7BD4AB00A46163 /* RxCocoa */; };
		FB9C4D7C2A7BD4AB00A46163 /* RxSwift in Frameworks */ = {isa = PBXBuildFile; productRef = FB9C4D7B2A7BD4AB00A46163 /* RxSwift */; };
		FB9C4D7F2A7BD4C100A46163 /* Kingfisher in Frameworks */ = {isa = PBXBuildFile; productRef = FB9C4D7E2A7BD4C100A46163 /* Kingfisher */; };
		FB9C4D852A7BD96700A46163 /* HomeViewController.swift in Sources */ = {isa = PBXBuildFile; fileRef = FB9C4D842A7BD96700A46163 /* HomeViewController.swift */; };
		FB9C4D892A7BD9C200A46163 /* CategoryCollectionViewCell.swift in Sources */ = {isa = PBXBuildFile; fileRef = FB9C4D882A7BD9C200A46163 /* CategoryCollectionViewCell.swift */; };
		FB9C4D8B2A7BD9ED00A46163 /* CategoryCollectionView.swift in Sources */ = {isa = PBXBuildFile; fileRef = FB9C4D8A2A7BD9ED00A46163 /* CategoryCollectionView.swift */; };
		FB9C4D8D2A7BDA0F00A46163 /* MainCollectionViewCell.swift in Sources */ = {isa = PBXBuildFile; fileRef = FB9C4D8C2A7BDA0F00A46163 /* MainCollectionViewCell.swift */; };
		FB9C4D902A7BDA7100A46163 /* MovieResponse.swift in Sources */ = {isa = PBXBuildFile; fileRef = FB9C4D8F2A7BDA7100A46163 /* MovieResponse.swift */; };
		FB9C4D922A7BDB8600A46163 /* APIError.swift in Sources */ = {isa = PBXBuildFile; fileRef = FB9C4D912A7BDB8600A46163 /* APIError.swift */; };
		FB9C4D952A7BDBC300A46163 /* APIConfig.swift in Sources */ = {isa = PBXBuildFile; fileRef = FB9C4D942A7BDBC300A46163 /* APIConfig.swift */; };
		FB9C4D982A7BDBEB00A46163 /* Config.swift in Sources */ = {isa = PBXBuildFile; fileRef = FB9C4D972A7BDBEB00A46163 /* Config.swift */; };
		FB9C4D9B2A7BDCBC00A46163 /* UICollectionView+Loading.swift in Sources */ = {isa = PBXBuildFile; fileRef = FB9C4D9A2A7BDCBC00A46163 /* UICollectionView+Loading.swift */; };
		FB9C4D9D2A7BDD3100A46163 /* UIViewController+Alert.swift in Sources */ = {isa = PBXBuildFile; fileRef = FB9C4D9C2A7BDD3100A46163 /* UIViewController+Alert.swift */; };
		FB9C4D9F2A7BDD5E00A46163 /* MovieAPIFactory.swift in Sources */ = {isa = PBXBuildFile; fileRef = FB9C4D9E2A7BDD5E00A46163 /* MovieAPIFactory.swift */; };
		FB9C4DA12A7BDD9A00A46163 /* APIClient.swift in Sources */ = {isa = PBXBuildFile; fileRef = FB9C4DA02A7BDD9A00A46163 /* APIClient.swift */; };
		FB9C4DA42A7BE07C00A46163 /* HomeRepository.swift in Sources */ = {isa = PBXBuildFile; fileRef = FB9C4DA32A7BE07C00A46163 /* HomeRepository.swift */; };
		FB9C4DA82A7BE10B00A46163 /* HomeInteractor.swift in Sources */ = {isa = PBXBuildFile; fileRef = FB9C4DA72A7BE10B00A46163 /* HomeInteractor.swift */; };
		FB9C4DAA2A7BE11900A46163 /* HomePresenter.swift in Sources */ = {isa = PBXBuildFile; fileRef = FB9C4DA92A7BE11900A46163 /* HomePresenter.swift */; };
		FB9C4DAC2A7C018E00A46163 /* GenreResponse.swift in Sources */ = {isa = PBXBuildFile; fileRef = FB9C4DAB2A7C018E00A46163 /* GenreResponse.swift */; };
/* End PBXBuildFile section */

/* Begin PBXFileReference section */
		FB12275C2A7C115600579AFE /* ReviewResponse.swift */ = {isa = PBXFileReference; lastKnownFileType = sourcecode.swift; path = ReviewResponse.swift; sourceTree = "<group>"; };
		FB12275E2A7C11BA00579AFE /* MovieDetailRepository.swift */ = {isa = PBXFileReference; lastKnownFileType = sourcecode.swift; path = MovieDetailRepository.swift; sourceTree = "<group>"; };
		FB7E5A382A7D0B1F002C9661 /* ReviewTableViewCell.swift */ = {isa = PBXFileReference; lastKnownFileType = sourcecode.swift; path = ReviewTableViewCell.swift; sourceTree = "<group>"; };
		FB7E5A3A2A7D11B4002C9661 /* MovieHeaderTableViewCell.swift */ = {isa = PBXFileReference; lastKnownFileType = sourcecode.swift; path = MovieHeaderTableViewCell.swift; sourceTree = "<group>"; };
		FB7E5A3F2A7D2DDF002C9661 /* SectionTableVIewCell.swift */ = {isa = PBXFileReference; lastKnownFileType = sourcecode.swift; path = SectionTableVIewCell.swift; sourceTree = "<group>"; };
		FB7E5A412A7D2E9F002C9661 /* Cell+Identifier.swift */ = {isa = PBXFileReference; lastKnownFileType = sourcecode.swift; path = "Cell+Identifier.swift"; sourceTree = "<group>"; };
		FB7E5A432A7D3409002C9661 /* UITableView+Loading.swift */ = {isa = PBXFileReference; lastKnownFileType = sourcecode.swift; path = "UITableView+Loading.swift"; sourceTree = "<group>"; };
		FB7E5A452A7D38B7002C9661 /* EmptyReviewTableViewCell.swift */ = {isa = PBXFileReference; lastKnownFileType = sourcecode.swift; path = EmptyReviewTableViewCell.swift; sourceTree = "<group>"; };
		FB7E5A482A7D3A9D002C9661 /* HomeRouter.swift */ = {isa = PBXFileReference; lastKnownFileType = sourcecode.swift; path = HomeRouter.swift; sourceTree = "<group>"; };
		FB8F7A2B2A7CF16800C45CB0 /* MovieDetailViewController.swift */ = {isa = PBXFileReference; lastKnownFileType = sourcecode.swift; path = MovieDetailViewController.swift; sourceTree = "<group>"; };
		FB8F7A2D2A7CF1FE00C45CB0 /* MovieDetailPresenter.swift */ = {isa = PBXFileReference; lastKnownFileType = sourcecode.swift; path = MovieDetailPresenter.swift; sourceTree = "<group>"; };
		FB8F7A2F2A7CF2AD00C45CB0 /* MovieDetailInteractor.swift */ = {isa = PBXFileReference; lastKnownFileType = sourcecode.swift; path = MovieDetailInteractor.swift; sourceTree = "<group>"; };
		FB9C4D572A7BD29300A46163 /* MovieMiniProject.app */ = {isa = PBXFileReference; explicitFileType = wrapper.application; includeInIndex = 0; path = MovieMiniProject.app; sourceTree = BUILT_PRODUCTS_DIR; };
		FB9C4D5A2A7BD29300A46163 /* AppDelegate.swift */ = {isa = PBXFileReference; lastKnownFileType = sourcecode.swift; path = AppDelegate.swift; sourceTree = "<group>"; };
		FB9C4D632A7BD29400A46163 /* Assets.xcassets */ = {isa = PBXFileReference; lastKnownFileType = folder.assetcatalog; path = Assets.xcassets; sourceTree = "<group>"; };
		FB9C4D662A7BD29400A46163 /* Base */ = {isa = PBXFileReference; lastKnownFileType = file.storyboard; name = Base; path = Base.lproj/LaunchScreen.storyboard; sourceTree = "<group>"; };
		FB9C4D682A7BD29400A46163 /* Info.plist */ = {isa = PBXFileReference; lastKnownFileType = text.plist.xml; path = Info.plist; sourceTree = "<group>"; };
		FB9C4D842A7BD96700A46163 /* HomeViewController.swift */ = {isa = PBXFileReference; lastKnownFileType = sourcecode.swift; path = HomeViewController.swift; sourceTree = "<group>"; };
		FB9C4D882A7BD9C200A46163 /* CategoryCollectionViewCell.swift */ = {isa = PBXFileReference; lastKnownFileType = sourcecode.swift; path = CategoryCollectionViewCell.swift; sourceTree = "<group>"; };
		FB9C4D8A2A7BD9ED00A46163 /* CategoryCollectionView.swift */ = {isa = PBXFileReference; lastKnownFileType = sourcecode.swift; path = CategoryCollectionView.swift; sourceTree = "<group>"; };
		FB9C4D8C2A7BDA0F00A46163 /* MainCollectionViewCell.swift */ = {isa = PBXFileReference; lastKnownFileType = sourcecode.swift; path = MainCollectionViewCell.swift; sourceTree = "<group>"; };
		FB9C4D8F2A7BDA7100A46163 /* MovieResponse.swift */ = {isa = PBXFileReference; lastKnownFileType = sourcecode.swift; path = MovieResponse.swift; sourceTree = "<group>"; };
		FB9C4D912A7BDB8600A46163 /* APIError.swift */ = {isa = PBXFileReference; lastKnownFileType = sourcecode.swift; path = APIError.swift; sourceTree = "<group>"; };
		FB9C4D942A7BDBC300A46163 /* APIConfig.swift */ = {isa = PBXFileReference; lastKnownFileType = sourcecode.swift; path = APIConfig.swift; sourceTree = "<group>"; };
		FB9C4D972A7BDBEB00A46163 /* Config.swift */ = {isa = PBXFileReference; lastKnownFileType = sourcecode.swift; path = Config.swift; sourceTree = "<group>"; };
		FB9C4D9A2A7BDCBC00A46163 /* UICollectionView+Loading.swift */ = {isa = PBXFileReference; lastKnownFileType = sourcecode.swift; path = "UICollectionView+Loading.swift"; sourceTree = "<group>"; };
		FB9C4D9C2A7BDD3100A46163 /* UIViewController+Alert.swift */ = {isa = PBXFileReference; lastKnownFileType = sourcecode.swift; path = "UIViewController+Alert.swift"; sourceTree = "<group>"; };
		FB9C4D9E2A7BDD5E00A46163 /* MovieAPIFactory.swift */ = {isa = PBXFileReference; lastKnownFileType = sourcecode.swift; path = MovieAPIFactory.swift; sourceTree = "<group>"; };
		FB9C4DA02A7BDD9A00A46163 /* APIClient.swift */ = {isa = PBXFileReference; lastKnownFileType = sourcecode.swift; path = APIClient.swift; sourceTree = "<group>"; };
		FB9C4DA32A7BE07C00A46163 /* HomeRepository.swift */ = {isa = PBXFileReference; lastKnownFileType = sourcecode.swift; path = HomeRepository.swift; sourceTree = "<group>"; };
		FB9C4DA72A7BE10B00A46163 /* HomeInteractor.swift */ = {isa = PBXFileReference; lastKnownFileType = sourcecode.swift; path = HomeInteractor.swift; sourceTree = "<group>"; };
		FB9C4DA92A7BE11900A46163 /* HomePresenter.swift */ = {isa = PBXFileReference; lastKnownFileType = sourcecode.swift; path = HomePresenter.swift; sourceTree = "<group>"; };
		FB9C4DAB2A7C018E00A46163 /* GenreResponse.swift */ = {isa = PBXFileReference; lastKnownFileType = sourcecode.swift; path = GenreResponse.swift; sourceTree = "<group>"; };
/* End PBXFileReference section */

/* Begin PBXFrameworksBuildPhase section */
		FB9C4D542A7BD29300A46163 /* Frameworks */ = {
			isa = PBXFrameworksBuildPhase;
			buildActionMask = 2147483647;
			files = (
				FB9C4D7F2A7BD4C100A46163 /* Kingfisher in Frameworks */,
				FB9C4D772A7BD48800A46163 /* SnapKit in Frameworks */,
				FB7E5A4C2A7D3F08002C9661 /* netfox in Frameworks */,
				FB9C4D712A7BD46100A46163 /* Alamofire in Frameworks */,
				FB9C4D7C2A7BD4AB00A46163 /* RxSwift in Frameworks */,
				FB9C4D7A2A7BD4AB00A46163 /* RxCocoa in Frameworks */,
				FB9C4D742A7BD47B00A46163 /* Then in Frameworks */,
				FB7E5A3E2A7D2CBB002C9661 /* DiffableDataSources in Frameworks */,
			);
			runOnlyForDeploymentPostprocessing = 0;
		};
/* End PBXFrameworksBuildPhase section */

/* Begin PBXGroup section */
		FB7E5A472A7D3A95002C9661 /* Router */ = {
			isa = PBXGroup;
			children = (
				FB7E5A482A7D3A9D002C9661 /* HomeRouter.swift */,
			);
			path = Router;
			sourceTree = "<group>";
		};
		FB8F7A262A7CF0FE00C45CB0 /* MovieDetail */ = {
			isa = PBXGroup;
			children = (
				FB8F7A2A2A7CF12800C45CB0 /* ViewControllers */,
				FB8F7A292A7CF11900C45CB0 /* Views */,
				FB8F7A282A7CF11100C45CB0 /* Interactors */,
				FB8F7A272A7CF10B00C45CB0 /* Presenters */,
			);
			path = MovieDetail;
			sourceTree = "<group>";
		};
		FB8F7A272A7CF10B00C45CB0 /* Presenters */ = {
			isa = PBXGroup;
			children = (
				FB8F7A2D2A7CF1FE00C45CB0 /* MovieDetailPresenter.swift */,
			);
			path = Presenters;
			sourceTree = "<group>";
		};
		FB8F7A282A7CF11100C45CB0 /* Interactors */ = {
			isa = PBXGroup;
			children = (
				FB8F7A2F2A7CF2AD00C45CB0 /* MovieDetailInteractor.swift */,
			);
			path = Interactors;
			sourceTree = "<group>";
		};
		FB8F7A292A7CF11900C45CB0 /* Views */ = {
			isa = PBXGroup;
			children = (
				FB7E5A382A7D0B1F002C9661 /* ReviewTableViewCell.swift */,
				FB7E5A3A2A7D11B4002C9661 /* MovieHeaderTableViewCell.swift */,
				FB7E5A3F2A7D2DDF002C9661 /* SectionTableVIewCell.swift */,
				FB7E5A452A7D38B7002C9661 /* EmptyReviewTableViewCell.swift */,
			);
			path = Views;
			sourceTree = "<group>";
		};
		FB8F7A2A2A7CF12800C45CB0 /* ViewControllers */ = {
			isa = PBXGroup;
			children = (
				FB8F7A2B2A7CF16800C45CB0 /* MovieDetailViewController.swift */,
			);
			path = ViewControllers;
			sourceTree = "<group>";
		};
		FB9C4D4E2A7BD29300A46163 = {
			isa = PBXGroup;
			children = (
				FB9C4D592A7BD29300A46163 /* MovieMiniProject */,
				FB9C4D582A7BD29300A46163 /* Products */,
			);
			sourceTree = "<group>";
		};
		FB9C4D582A7BD29300A46163 /* Products */ = {
			isa = PBXGroup;
			children = (
				FB9C4D572A7BD29300A46163 /* MovieMiniProject.app */,
			);
			name = Products;
			sourceTree = "<group>";
		};
		FB9C4D592A7BD29300A46163 /* MovieMiniProject */ = {
			isa = PBXGroup;
			children = (
				FB9C4DA22A7BE06500A46163 /* Repositories */,
				FB9C4D992A7BDC9100A46163 /* Extensions */,
				FB9C4D962A7BDBE400A46163 /* Helpers */,
				FB9C4D932A7BDBB900A46163 /* Networking */,
				FB9C4D8E2A7BDA5000A46163 /* Entities */,
				FB9C4D802A7BD61B00A46163 /* Modules */,
				FB9C4D5A2A7BD29300A46163 /* AppDelegate.swift */,
				FB9C4D6E2A7BD41100A46163 /* Resources */,
			);
			path = MovieMiniProject;
			sourceTree = "<group>";
		};
		FB9C4D6E2A7BD41100A46163 /* Resources */ = {
			isa = PBXGroup;
			children = (
				FB9C4D632A7BD29400A46163 /* Assets.xcassets */,
				FB9C4D652A7BD29400A46163 /* LaunchScreen.storyboard */,
				FB9C4D682A7BD29400A46163 /* Info.plist */,
			);
			path = Resources;
			sourceTree = "<group>";
		};
		FB9C4D802A7BD61B00A46163 /* Modules */ = {
			isa = PBXGroup;
			children = (
				FB8F7A262A7CF0FE00C45CB0 /* MovieDetail */,
				FB9C4D832A7BD95300A46163 /* Home */,
			);
			path = Modules;
			sourceTree = "<group>";
		};
		FB9C4D832A7BD95300A46163 /* Home */ = {
			isa = PBXGroup;
			children = (
				FB7E5A472A7D3A95002C9661 /* Router */,
				FB9C4DA62A7BE0E900A46163 /* Presenters */,
				FB9C4DA52A7BE0E300A46163 /* Interactors */,
				FB9C4D872A7BD9AB00A46163 /* Views */,
				FB9C4D862A7BD9A300A46163 /* ViewControllers */,
			);
			path = Home;
			sourceTree = "<group>";
		};
		FB9C4D862A7BD9A300A46163 /* ViewControllers */ = {
			isa = PBXGroup;
			children = (
				FB9C4D842A7BD96700A46163 /* HomeViewController.swift */,
			);
			path = ViewControllers;
			sourceTree = "<group>";
		};
		FB9C4D872A7BD9AB00A46163 /* Views */ = {
			isa = PBXGroup;
			children = (
				FB9C4D882A7BD9C200A46163 /* CategoryCollectionViewCell.swift */,
				FB9C4D8A2A7BD9ED00A46163 /* CategoryCollectionView.swift */,
				FB9C4D8C2A7BDA0F00A46163 /* MainCollectionViewCell.swift */,
			);
			path = Views;
			sourceTree = "<group>";
		};
		FB9C4D8E2A7BDA5000A46163 /* Entities */ = {
			isa = PBXGroup;
			children = (
				FB9C4D8F2A7BDA7100A46163 /* MovieResponse.swift */,
				FB9C4D912A7BDB8600A46163 /* APIError.swift */,
				FB9C4DAB2A7C018E00A46163 /* GenreResponse.swift */,
				FB12275C2A7C115600579AFE /* ReviewResponse.swift */,
			);
			path = Entities;
			sourceTree = "<group>";
		};
		FB9C4D932A7BDBB900A46163 /* Networking */ = {
			isa = PBXGroup;
			children = (
				FB9C4D942A7BDBC300A46163 /* APIConfig.swift */,
				FB9C4D9E2A7BDD5E00A46163 /* MovieAPIFactory.swift */,
				FB9C4DA02A7BDD9A00A46163 /* APIClient.swift */,
			);
			path = Networking;
			sourceTree = "<group>";
		};
		FB9C4D962A7BDBE400A46163 /* Helpers */ = {
			isa = PBXGroup;
			children = (
				FB9C4D972A7BDBEB00A46163 /* Config.swift */,
			);
			path = Helpers;
			sourceTree = "<group>";
		};
		FB9C4D992A7BDC9100A46163 /* Extensions */ = {
			isa = PBXGroup;
			children = (
				FB9C4D9A2A7BDCBC00A46163 /* UICollectionView+Loading.swift */,
				FB9C4D9C2A7BDD3100A46163 /* UIViewController+Alert.swift */,
				FB7E5A412A7D2E9F002C9661 /* Cell+Identifier.swift */,
				FB7E5A432A7D3409002C9661 /* UITableView+Loading.swift */,
			);
			path = Extensions;
			sourceTree = "<group>";
		};
		FB9C4DA22A7BE06500A46163 /* Repositories */ = {
			isa = PBXGroup;
			children = (
				FB9C4DA32A7BE07C00A46163 /* HomeRepository.swift */,
				FB12275E2A7C11BA00579AFE /* MovieDetailRepository.swift */,
			);
			path = Repositories;
			sourceTree = "<group>";
		};
		FB9C4DA52A7BE0E300A46163 /* Interactors */ = {
			isa = PBXGroup;
			children = (
				FB9C4DA72A7BE10B00A46163 /* HomeInteractor.swift */,
			);
			path = Interactors;
			sourceTree = "<group>";
		};
		FB9C4DA62A7BE0E900A46163 /* Presenters */ = {
			isa = PBXGroup;
			children = (
				FB9C4DA92A7BE11900A46163 /* HomePresenter.swift */,
			);
			path = Presenters;
			sourceTree = "<group>";
		};
/* End PBXGroup section */

/* Begin PBXNativeTarget section */
		FB9C4D562A7BD29300A46163 /* MovieMiniProject */ = {
			isa = PBXNativeTarget;
			buildConfigurationList = FB9C4D6B2A7BD29400A46163 /* Build configuration list for PBXNativeTarget "MovieMiniProject" */;
			buildPhases = (
				FB9C4D532A7BD29300A46163 /* Sources */,
				FB9C4D542A7BD29300A46163 /* Frameworks */,
				FB9C4D552A7BD29300A46163 /* Resources */,
			);
			buildRules = (
			);
			dependencies = (
			);
			name = MovieMiniProject;
			packageProductDependencies = (
				FB9C4D702A7BD46100A46163 /* Alamofire */,
				FB9C4D732A7BD47B00A46163 /* Then */,
				FB9C4D762A7BD48800A46163 /* SnapKit */,
				FB9C4D792A7BD4AB00A46163 /* RxCocoa */,
				FB9C4D7B2A7BD4AB00A46163 /* RxSwift */,
				FB9C4D7E2A7BD4C100A46163 /* Kingfisher */,
				FB7E5A3D2A7D2CBB002C9661 /* DiffableDataSources */,
				FB7E5A4B2A7D3F08002C9661 /* netfox */,
			);
			productName = MovieMiniProject;
			productReference = FB9C4D572A7BD29300A46163 /* MovieMiniProject.app */;
			productType = "com.apple.product-type.application";
		};
/* End PBXNativeTarget section */

/* Begin PBXProject section */
		FB9C4D4F2A7BD29300A46163 /* Project object */ = {
			isa = PBXProject;
			attributes = {
				BuildIndependentTargetsInParallel = 1;
				LastSwiftUpdateCheck = 1430;
				LastUpgradeCheck = 1430;
				TargetAttributes = {
					FB9C4D562A7BD29300A46163 = {
						CreatedOnToolsVersion = 14.3;
					};
				};
			};
			buildConfigurationList = FB9C4D522A7BD29300A46163 /* Build configuration list for PBXProject "MovieMiniProject" */;
			compatibilityVersion = "Xcode 14.0";
			developmentRegion = en;
			hasScannedForEncodings = 0;
			knownRegions = (
				en,
				Base,
			);
			mainGroup = FB9C4D4E2A7BD29300A46163;
			packageReferences = (
				FB9C4D6F2A7BD46100A46163 /* XCRemoteSwiftPackageReference "Alamofire" */,
				FB9C4D722A7BD47B00A46163 /* XCRemoteSwiftPackageReference "Then" */,
				FB9C4D752A7BD48800A46163 /* XCRemoteSwiftPackageReference "SnapKit" */,
				FB9C4D782A7BD4AB00A46163 /* XCRemoteSwiftPackageReference "RxSwift" */,
				FB9C4D7D2A7BD4C100A46163 /* XCRemoteSwiftPackageReference "Kingfisher" */,
				FB7E5A3C2A7D2CBB002C9661 /* XCRemoteSwiftPackageReference "DiffableDataSources" */,
				FB7E5A4A2A7D3F08002C9661 /* XCRemoteSwiftPackageReference "netfox" */,
			);
			productRefGroup = FB9C4D582A7BD29300A46163 /* Products */;
			projectDirPath = "";
			projectRoot = "";
			targets = (
				FB9C4D562A7BD29300A46163 /* MovieMiniProject */,
			);
		};
/* End PBXProject section */

/* Begin PBXResourcesBuildPhase section */
		FB9C4D552A7BD29300A46163 /* Resources */ = {
			isa = PBXResourcesBuildPhase;
			buildActionMask = 2147483647;
			files = (
				FB9C4D672A7BD29400A46163 /* LaunchScreen.storyboard in Resources */,
				FB9C4D642A7BD29400A46163 /* Assets.xcassets in Resources */,
			);
			runOnlyForDeploymentPostprocessing = 0;
		};
/* End PBXResourcesBuildPhase section */

/* Begin PBXSourcesBuildPhase section */
		FB9C4D532A7BD29300A46163 /* Sources */ = {
			isa = PBXSourcesBuildPhase;
			buildActionMask = 2147483647;
			files = (
				FB9C4D902A7BDA7100A46163 /* MovieResponse.swift in Sources */,
				FB9C4DA12A7BDD9A00A46163 /* APIClient.swift in Sources */,
				FB9C4DA82A7BE10B00A46163 /* HomeInteractor.swift in Sources */,
				FB9C4D9F2A7BDD5E00A46163 /* MovieAPIFactory.swift in Sources */,
				FB7E5A492A7D3A9E002C9661 /* HomeRouter.swift in Sources */,
				FB9C4D982A7BDBEB00A46163 /* Config.swift in Sources */,
				FB9C4D8B2A7BD9ED00A46163 /* CategoryCollectionView.swift in Sources */,
				FB12275D2A7C115600579AFE /* ReviewResponse.swift in Sources */,
				FB9C4D9D2A7BDD3100A46163 /* UIViewController+Alert.swift in Sources */,
				FB9C4D8D2A7BDA0F00A46163 /* MainCollectionViewCell.swift in Sources */,
				FB8F7A2E2A7CF1FE00C45CB0 /* MovieDetailPresenter.swift in Sources */,
				FB9C4DAC2A7C018E00A46163 /* GenreResponse.swift in Sources */,
				FB9C4D892A7BD9C200A46163 /* CategoryCollectionViewCell.swift in Sources */,
				FB9C4DA42A7BE07C00A46163 /* HomeRepository.swift in Sources */,
				FB7E5A3B2A7D11B4002C9661 /* MovieHeaderTableViewCell.swift in Sources */,
				FB9C4D5B2A7BD29300A46163 /* AppDelegate.swift in Sources */,
				FB9C4DAA2A7BE11900A46163 /* HomePresenter.swift in Sources */,
				FB9C4D952A7BDBC300A46163 /* APIConfig.swift in Sources */,
				FB7E5A402A7D2DDF002C9661 /* SectionTableVIewCell.swift in Sources */,
				FB7E5A442A7D3409002C9661 /* UITableView+Loading.swift in Sources */,
				FB9C4D922A7BDB8600A46163 /* APIError.swift in Sources */,
				FB8F7A2C2A7CF16800C45CB0 /* MovieDetailViewController.swift in Sources */,
				FB9C4D9B2A7BDCBC00A46163 /* UICollectionView+Loading.swift in Sources */,
				FB12275F2A7C11BA00579AFE /* MovieDetailRepository.swift in Sources */,
				FB7E5A422A7D2E9F002C9661 /* Cell+Identifier.swift in Sources */,
				FB8F7A302A7CF2AD00C45CB0 /* MovieDetailInteractor.swift in Sources */,
				FB7E5A462A7D38B7002C9661 /* EmptyReviewTableViewCell.swift in Sources */,
				FB7E5A392A7D0B1F002C9661 /* ReviewTableViewCell.swift in Sources */,
				FB9C4D852A7BD96700A46163 /* HomeViewController.swift in Sources */,
			);
			runOnlyForDeploymentPostprocessing = 0;
		};
/* End PBXSourcesBuildPhase section */

/* Begin PBXVariantGroup section */
		FB9C4D652A7BD29400A46163 /* LaunchScreen.storyboard */ = {
			isa = PBXVariantGroup;
			children = (
				FB9C4D662A7BD29400A46163 /* Base */,
			);
			name = LaunchScreen.storyboard;
			sourceTree = "<group>";
		};
/* End PBXVariantGroup section */

/* Begin XCBuildConfiguration section */
		FB9C4D692A7BD29400A46163 /* Debug */ = {
			isa = XCBuildConfiguration;
			buildSettings = {
				ALWAYS_SEARCH_USER_PATHS = NO;
				CLANG_ANALYZER_NONNULL = YES;
				CLANG_ANALYZER_NUMBER_OBJECT_CONVERSION = YES_AGGRESSIVE;
				CLANG_CXX_LANGUAGE_STANDARD = "gnu++20";
				CLANG_ENABLE_MODULES = YES;
				CLANG_ENABLE_OBJC_ARC = YES;
				CLANG_ENABLE_OBJC_WEAK = YES;
				CLANG_WARN_BLOCK_CAPTURE_AUTORELEASING = YES;
				CLANG_WARN_BOOL_CONVERSION = YES;
				CLANG_WARN_COMMA = YES;
				CLANG_WARN_CONSTANT_CONVERSION = YES;
				CLANG_WARN_DEPRECATED_OBJC_IMPLEMENTATIONS = YES;
				CLANG_WARN_DIRECT_OBJC_ISA_USAGE = YES_ERROR;
				CLANG_WARN_DOCUMENTATION_COMMENTS = YES;
				CLANG_WARN_EMPTY_BODY = YES;
				CLANG_WARN_ENUM_CONVERSION = YES;
				CLANG_WARN_INFINITE_RECURSION = YES;
				CLANG_WARN_INT_CONVERSION = YES;
				CLANG_WARN_NON_LITERAL_NULL_CONVERSION = YES;
				CLANG_WARN_OBJC_IMPLICIT_RETAIN_SELF = YES;
				CLANG_WARN_OBJC_LITERAL_CONVERSION = YES;
				CLANG_WARN_OBJC_ROOT_CLASS = YES_ERROR;
				CLANG_WARN_QUOTED_INCLUDE_IN_FRAMEWORK_HEADER = YES;
				CLANG_WARN_RANGE_LOOP_ANALYSIS = YES;
				CLANG_WARN_STRICT_PROTOTYPES = YES;
				CLANG_WARN_SUSPICIOUS_MOVE = YES;
				CLANG_WARN_UNGUARDED_AVAILABILITY = YES_AGGRESSIVE;
				CLANG_WARN_UNREACHABLE_CODE = YES;
				CLANG_WARN__DUPLICATE_METHOD_MATCH = YES;
				COPY_PHASE_STRIP = NO;
				DEBUG_INFORMATION_FORMAT = dwarf;
				ENABLE_STRICT_OBJC_MSGSEND = YES;
				ENABLE_TESTABILITY = YES;
				GCC_C_LANGUAGE_STANDARD = gnu11;
				GCC_DYNAMIC_NO_PIC = NO;
				GCC_NO_COMMON_BLOCKS = YES;
				GCC_OPTIMIZATION_LEVEL = 0;
				GCC_PREPROCESSOR_DEFINITIONS = (
					"DEBUG=1",
					"$(inherited)",
				);
				GCC_WARN_64_TO_32_BIT_CONVERSION = YES;
				GCC_WARN_ABOUT_RETURN_TYPE = YES_ERROR;
				GCC_WARN_UNDECLARED_SELECTOR = YES;
				GCC_WARN_UNINITIALIZED_AUTOS = YES_AGGRESSIVE;
				GCC_WARN_UNUSED_FUNCTION = YES;
				GCC_WARN_UNUSED_VARIABLE = YES;
				IPHONEOS_DEPLOYMENT_TARGET = 16.4;
				MTL_ENABLE_DEBUG_INFO = INCLUDE_SOURCE;
				MTL_FAST_MATH = YES;
				ONLY_ACTIVE_ARCH = YES;
				SDKROOT = iphoneos;
				SWIFT_ACTIVE_COMPILATION_CONDITIONS = DEBUG;
				SWIFT_OPTIMIZATION_LEVEL = "-Onone";
			};
			name = Debug;
		};
		FB9C4D6A2A7BD29400A46163 /* Release */ = {
			isa = XCBuildConfiguration;
			buildSettings = {
				ALWAYS_SEARCH_USER_PATHS = NO;
				CLANG_ANALYZER_NONNULL = YES;
				CLANG_ANALYZER_NUMBER_OBJECT_CONVERSION = YES_AGGRESSIVE;
				CLANG_CXX_LANGUAGE_STANDARD = "gnu++20";
				CLANG_ENABLE_MODULES = YES;
				CLANG_ENABLE_OBJC_ARC = YES;
				CLANG_ENABLE_OBJC_WEAK = YES;
				CLANG_WARN_BLOCK_CAPTURE_AUTORELEASING = YES;
				CLANG_WARN_BOOL_CONVERSION = YES;
				CLANG_WARN_COMMA = YES;
				CLANG_WARN_CONSTANT_CONVERSION = YES;
				CLANG_WARN_DEPRECATED_OBJC_IMPLEMENTATIONS = YES;
				CLANG_WARN_DIRECT_OBJC_ISA_USAGE = YES_ERROR;
				CLANG_WARN_DOCUMENTATION_COMMENTS = YES;
				CLANG_WARN_EMPTY_BODY = YES;
				CLANG_WARN_ENUM_CONVERSION = YES;
				CLANG_WARN_INFINITE_RECURSION = YES;
				CLANG_WARN_INT_CONVERSION = YES;
				CLANG_WARN_NON_LITERAL_NULL_CONVERSION = YES;
				CLANG_WARN_OBJC_IMPLICIT_RETAIN_SELF = YES;
				CLANG_WARN_OBJC_LITERAL_CONVERSION = YES;
				CLANG_WARN_OBJC_ROOT_CLASS = YES_ERROR;
				CLANG_WARN_QUOTED_INCLUDE_IN_FRAMEWORK_HEADER = YES;
				CLANG_WARN_RANGE_LOOP_ANALYSIS = YES;
				CLANG_WARN_STRICT_PROTOTYPES = YES;
				CLANG_WARN_SUSPICIOUS_MOVE = YES;
				CLANG_WARN_UNGUARDED_AVAILABILITY = YES_AGGRESSIVE;
				CLANG_WARN_UNREACHABLE_CODE = YES;
				CLANG_WARN__DUPLICATE_METHOD_MATCH = YES;
				COPY_PHASE_STRIP = NO;
				DEBUG_INFORMATION_FORMAT = "dwarf-with-dsym";
				ENABLE_NS_ASSERTIONS = NO;
				ENABLE_STRICT_OBJC_MSGSEND = YES;
				GCC_C_LANGUAGE_STANDARD = gnu11;
				GCC_NO_COMMON_BLOCKS = YES;
				GCC_WARN_64_TO_32_BIT_CONVERSION = YES;
				GCC_WARN_ABOUT_RETURN_TYPE = YES_ERROR;
				GCC_WARN_UNDECLARED_SELECTOR = YES;
				GCC_WARN_UNINITIALIZED_AUTOS = YES_AGGRESSIVE;
				GCC_WARN_UNUSED_FUNCTION = YES;
				GCC_WARN_UNUSED_VARIABLE = YES;
				IPHONEOS_DEPLOYMENT_TARGET = 16.4;
				MTL_ENABLE_DEBUG_INFO = NO;
				MTL_FAST_MATH = YES;
				SDKROOT = iphoneos;
				SWIFT_COMPILATION_MODE = wholemodule;
				SWIFT_OPTIMIZATION_LEVEL = "-O";
				VALIDATE_PRODUCT = YES;
			};
			name = Release;
		};
		FB9C4D6C2A7BD29400A46163 /* Debug */ = {
			isa = XCBuildConfiguration;
			buildSettings = {
				ASSETCATALOG_COMPILER_APPICON_NAME = AppIcon;
				ASSETCATALOG_COMPILER_GLOBAL_ACCENT_COLOR_NAME = AccentColor;
				CODE_SIGN_STYLE = Automatic;
				CURRENT_PROJECT_VERSION = 1;
				DEVELOPMENT_TEAM = U7GYW5X66V;
				GENERATE_INFOPLIST_FILE = YES;
				INFOPLIST_FILE = MovieMiniProject/Resources/Info.plist;
				INFOPLIST_KEY_UIApplicationSupportsIndirectInputEvents = YES;
				INFOPLIST_KEY_UILaunchStoryboardName = LaunchScreen;
				INFOPLIST_KEY_UISupportedInterfaceOrientations = UIInterfaceOrientationPortrait;
				LD_RUNPATH_SEARCH_PATHS = (
					"$(inherited)",
					"@executable_path/Frameworks",
				);
				MARKETING_VERSION = 1.0;
				PRODUCT_BUNDLE_IDENTIFIER = me.michaeliskndr.MovieMiniProject;
				PRODUCT_NAME = "$(TARGET_NAME)";
				SUPPORTED_PLATFORMS = "iphoneos iphonesimulator";
				SUPPORTS_MACCATALYST = NO;
				SUPPORTS_MAC_DESIGNED_FOR_IPHONE_IPAD = NO;
				SWIFT_EMIT_LOC_STRINGS = YES;
				SWIFT_VERSION = 5.0;
				TARGETED_DEVICE_FAMILY = 1;
			};
			name = Debug;
		};
		FB9C4D6D2A7BD29400A46163 /* Release */ = {
			isa = XCBuildConfiguration;
			buildSettings = {
				ASSETCATALOG_COMPILER_APPICON_NAME = AppIcon;
				ASSETCATALOG_COMPILER_GLOBAL_ACCENT_COLOR_NAME = AccentColor;
				CODE_SIGN_STYLE = Automatic;
				CURRENT_PROJECT_VERSION = 1;
				DEVELOPMENT_TEAM = U7GYW5X66V;
				GENERATE_INFOPLIST_FILE = YES;
				INFOPLIST_FILE = MovieMiniProject/Resources/Info.plist;
				INFOPLIST_KEY_UIApplicationSupportsIndirectInputEvents = YES;
				INFOPLIST_KEY_UILaunchStoryboardName = LaunchScreen;
				INFOPLIST_KEY_UISupportedInterfaceOrientations = UIInterfaceOrientationPortrait;
				LD_RUNPATH_SEARCH_PATHS = (
					"$(inherited)",
					"@executable_path/Frameworks",
				);
				MARKETING_VERSION = 1.0;
				PRODUCT_BUNDLE_IDENTIFIER = me.michaeliskndr.MovieMiniProject;
				PRODUCT_NAME = "$(TARGET_NAME)";
				SUPPORTED_PLATFORMS = "iphoneos iphonesimulator";
				SUPPORTS_MACCATALYST = NO;
				SUPPORTS_MAC_DESIGNED_FOR_IPHONE_IPAD = NO;
				SWIFT_EMIT_LOC_STRINGS = YES;
				SWIFT_VERSION = 5.0;
				TARGETED_DEVICE_FAMILY = 1;
			};
			name = Release;
		};
/* End XCBuildConfiguration section */

/* Begin XCConfigurationList section */
		FB9C4D522A7BD29300A46163 /* Build configuration list for PBXProject "MovieMiniProject" */ = {
			isa = XCConfigurationList;
			buildConfigurations = (
				FB9C4D692A7BD29400A46163 /* Debug */,
				FB9C4D6A2A7BD29400A46163 /* Release */,
			);
			defaultConfigurationIsVisible = 0;
			defaultConfigurationName = Release;
		};
		FB9C4D6B2A7BD29400A46163 /* Build configuration list for PBXNativeTarget "MovieMiniProject" */ = {
			isa = XCConfigurationList;
			buildConfigurations = (
				FB9C4D6C2A7BD29400A46163 /* Debug */,
				FB9C4D6D2A7BD29400A46163 /* Release */,
			);
			defaultConfigurationIsVisible = 0;
			defaultConfigurationName = Release;
		};
/* End XCConfigurationList section */

/* Begin XCRemoteSwiftPackageReference section */
		FB7E5A3C2A7D2CBB002C9661 /* XCRemoteSwiftPackageReference "DiffableDataSources" */ = {
			isa = XCRemoteSwiftPackageReference;
			repositoryURL = "https://github.com/ra1028/DiffableDataSources.git";
			requirement = {
				kind = upToNextMajorVersion;
				minimumVersion = 0.5.0;
			};
		};
		FB7E5A4A2A7D3F08002C9661 /* XCRemoteSwiftPackageReference "netfox" */ = {
			isa = XCRemoteSwiftPackageReference;
			repositoryURL = "https://github.com/kasketis/netfox";
			requirement = {
				kind = upToNextMajorVersion;
				minimumVersion = 1.0.0;
			};
		};
		FB9C4D6F2A7BD46100A46163 /* XCRemoteSwiftPackageReference "Alamofire" */ = {
			isa = XCRemoteSwiftPackageReference;
			repositoryURL = "https://github.com/Alamofire/Alamofire.git";
			requirement = {
				kind = upToNextMajorVersion;
				minimumVersion = 5.0.0;
			};
		};
		FB9C4D722A7BD47B00A46163 /* XCRemoteSwiftPackageReference "Then" */ = {
			isa = XCRemoteSwiftPackageReference;
			repositoryURL = "https://github.com/devxoul/Then";
			requirement = {
				kind = upToNextMajorVersion;
				minimumVersion = 3.0.0;
			};
		};
		FB9C4D752A7BD48800A46163 /* XCRemoteSwiftPackageReference "SnapKit" */ = {
			isa = XCRemoteSwiftPackageReference;
			repositoryURL = "https://github.com/SnapKit/SnapKit";
			requirement = {
				kind = upToNextMajorVersion;
				minimumVersion = 5.0.0;
			};
		};
		FB9C4D782A7BD4AB00A46163 /* XCRemoteSwiftPackageReference "RxSwift" */ = {
			isa = XCRemoteSwiftPackageReference;
			repositoryURL = "https://github.com/ReactiveX/RxSwift";
			requirement = {
				kind = upToNextMajorVersion;
				minimumVersion = 6.0.0;
			};
		};
		FB9C4D7D2A7BD4C100A46163 /* XCRemoteSwiftPackageReference "Kingfisher" */ = {
			isa = XCRemoteSwiftPackageReference;
			repositoryURL = "https://github.com/onevcat/Kingfisher.git";
			requirement = {
				kind = upToNextMajorVersion;
				minimumVersion = 7.0.0;
			};
		};
/* End XCRemoteSwiftPackageReference section */

/* Begin XCSwiftPackageProductDependency section */
		FB7E5A3D2A7D2CBB002C9661 /* DiffableDataSources */ = {
			isa = XCSwiftPackageProductDependency;
			package = FB7E5A3C2A7D2CBB002C9661 /* XCRemoteSwiftPackageReference "DiffableDataSources" */;
			productName = DiffableDataSources;
		};
		FB7E5A4B2A7D3F08002C9661 /* netfox */ = {
			isa = XCSwiftPackageProductDependency;
			package = FB7E5A4A2A7D3F08002C9661 /* XCRemoteSwiftPackageReference "netfox" */;
			productName = netfox;
		};
		FB9C4D702A7BD46100A46163 /* Alamofire */ = {
			isa = XCSwiftPackageProductDependency;
			package = FB9C4D6F2A7BD46100A46163 /* XCRemoteSwiftPackageReference "Alamofire" */;
			productName = Alamofire;
		};
		FB9C4D732A7BD47B00A46163 /* Then */ = {
			isa = XCSwiftPackageProductDependency;
			package = FB9C4D722A7BD47B00A46163 /* XCRemoteSwiftPackageReference "Then" */;
			productName = Then;
		};
		FB9C4D762A7BD48800A46163 /* SnapKit */ = {
			isa = XCSwiftPackageProductDependency;
			package = FB9C4D752A7BD48800A46163 /* XCRemoteSwiftPackageReference "SnapKit" */;
			productName = SnapKit;
		};
		FB9C4D792A7BD4AB00A46163 /* RxCocoa */ = {
			isa = XCSwiftPackageProductDependency;
			package = FB9C4D782A7BD4AB00A46163 /* XCRemoteSwiftPackageReference "RxSwift" */;
			productName = RxCocoa;
		};
		FB9C4D7B2A7BD4AB00A46163 /* RxSwift */ = {
			isa = XCSwiftPackageProductDependency;
			package = FB9C4D782A7BD4AB00A46163 /* XCRemoteSwiftPackageReference "RxSwift" */;
			productName = RxSwift;
		};
		FB9C4D7E2A7BD4C100A46163 /* Kingfisher */ = {
			isa = XCSwiftPackageProductDependency;
			package = FB9C4D7D2A7BD4C100A46163 /* XCRemoteSwiftPackageReference "Kingfisher" */;
			productName = Kingfisher;
		};
/* End XCSwiftPackageProductDependency section */
	};
	rootObject = FB9C4D4F2A7BD29300A46163 /* Project object */;
}
